# This file is automatically @generated by Cargo.
# It is not intended for manual editing.
version = 3

[[package]]
name = "arrayvec"
version = "0.7.4"
source = "registry+https://github.com/rust-lang/crates.io-index"
checksum = "96d30a06541fbafbc7f82ed10c06164cfbd2c401138f6addd8404629c4b16711"

[[package]]
name = "byteorder"
version = "1.4.3"
source = "registry+https://github.com/rust-lang/crates.io-index"
checksum = "14c189c53d098945499cdfa7ecc63567cf3886b3332b312a5b4585d8d3a6a610"

[[package]]
name = "cart"
version = "0.1.0"
dependencies = [
 "wasm4-stubs",
 "wasm4-sx",
]

[[package]]
name = "const-str"
version = "0.5.6"
source = "registry+https://github.com/rust-lang/crates.io-index"
checksum = "aca749d3d3f5b87a0d6100509879f9cf486ab510803a4a4e1001da1ff61c2bd6"

[[package]]
name = "fastrand"
version = "2.0.0"
source = "registry+https://github.com/rust-lang/crates.io-index"
checksum = "6999dc1837253364c2ebb0704ba97994bd874e8f195d665c50b7548f6ea92764"

[[package]]
name = "wasm4-stubs"
version = "0.1.0"
source = "git+https://github.com/Srynetix/wasm4-sx.git#7dd7ea23cad357bfe35f45cedb48af1f61f21de7"

[[package]]
name = "wasm4-sx"
version = "0.1.0"
dependencies = [
 "arrayvec",
 "byteorder",
 "const-str",
 "fastrand",
 "wasm4-sys",
]

[[package]]
name = "wasm4-sys"
version = "0.1.0"
